
Microsoft Visual Studio Solution File, Format Version 12.00
# Visual Studio Version 17
VisualStudioVersion = 17.0.31903.59
MinimumVisualStudioVersion = 10.0.40219.1
Project("{2150E333-8FDC-42A3-9474-1A3956D46DE8}") = "src", "src", "{141238AE-E77B-45DC-B519-535F8C386699}"
EndProject
Project("{FAE04EC0-301F-11D3-BF4B-00C04F79EFBC}") = "PavementBuildup.Core", "src\PavementBuildup.Core\PavementBuildup.Core.csproj", "{06092960-CB1B-4203-8A78-EB87C97DD9F5}"
EndProject
Project("{2150E333-8FDC-42A3-9474-1A3956D46DE8}") = "tests", "tests", "{1DE8D20A-8BB6-47EE-BEC8-8570D68E37E0}"
EndProject
Project("{FAE04EC0-301F-11D3-BF4B-00C04F79EFBC}") = "PavementBuildup.Core.Tests", "tests\PavementBuildup.Core.Tests\PavementBuildup.Core.Tests.csproj", "{E8360C66-9100-4F39-8FC5-2B101CB36690}"
EndProject
Global
	GlobalSection(SolutionConfigurationPlatforms) = preSolution
		Debug|Any CPU = Debug|Any CPU
		Release|Any CPU = Release|Any CPU
	EndGlobalSection
	GlobalSection(SolutionProperties) = preSolution
		HideSolutionNode = FALSE
	EndGlobalSection
	GlobalSection(ProjectConfigurationPlatforms) = postSolution
		{06092960-CB1B-4203-8A78-EB87C97DD9F5}.Debug|Any CPU.ActiveCfg = Debug|Any CPU
		{06092960-CB1B-4203-8A78-EB87C97DD9F5}.Debug|Any CPU.Build.0 = Debug|Any CPU
		{06092960-CB1B-4203-8A78-EB87C97DD9F5}.Release|Any CPU.ActiveCfg = Release|Any CPU
		{06092960-CB1B-4203-8A78-EB87C97DD9F5}.Release|Any CPU.Build.0 = Release|Any CPU
		{E8360C66-9100-4F39-8FC5-2B101CB36690}.Debug|Any CPU.ActiveCfg = Debug|Any CPU
		{E8360C66-9100-4F39-8FC5-2B101CB36690}.Debug|Any CPU.Build.0 = Debug|Any CPU
		{E8360C66-9100-4F39-8FC5-2B101CB36690}.Release|Any CPU.ActiveCfg = Release|Any CPU
		{E8360C66-9100-4F39-8FC5-2B101CB36690}.Release|Any CPU.Build.0 = Release|Any CPU
	EndGlobalSection
	GlobalSection(NestedProjects) = preSolution
		{06092960-CB1B-4203-8A78-EB87C97DD9F5} = {141238AE-E77B-45DC-B519-535F8C386699}
		{E8360C66-9100-4F39-8FC5-2B101CB36690} = {1DE8D20A-8BB6-47EE-BEC8-8570D68E37E0}
	EndGlobalSection
EndGlobal
